
Microsoft Visual Studio Solution File, Format Version 12.00
# Visual Studio Version 17
VisualStudioVersion = 17.8.34309.116
MinimumVisualStudioVersion = 10.0.40219.1
Project("{9A19103F-16F7-4668-BE54-9A1E7A4F7556}") = "BlogApp.Api", "BlogApp.Api\BlogApp.Api.csproj", "{D5FE0DDF-49F4-44E2-94F1-C76FEE9C8BBB}"
EndProject
Project("{FAE04EC0-301F-11D3-BF4B-00C04F79EFBC}") = "BlogApp.Models", "BlogApp.Models\BlogApp.Models.csproj", "{F05A4C78-5E34-4A23-893F-8CD304090FE7}"
EndProject
Project("{FAE04EC0-301F-11D3-BF4B-00C04F79EFBC}") = "BlogApp.Repository", "BlogApp.Repository\BlogApp.Repository.csproj", "{C028D403-3A6C-4CD1-8EFD-AC0ADEF992D1}"
EndProject
Project("{FAE04EC0-301F-11D3-BF4B-00C04F79EFBC}") = "BlogApp.Core", "BlogApp.Core\BlogApp.Core.csproj", "{98CCE32A-6CD5-4D4E-85B9-4C57BCF8BFBD}"
EndProject
Global
	GlobalSection(SolutionConfigurationPlatforms) = preSolution
		Debug|Any CPU = Debug|Any CPU
		Release|Any CPU = Release|Any CPU
	EndGlobalSection
	GlobalSection(ProjectConfigurationPlatforms) = postSolution
		{D5FE0DDF-49F4-44E2-94F1-C76FEE9C8BBB}.Debug|Any CPU.ActiveCfg = Debug|Any CPU
		{D5FE0DDF-49F4-44E2-94F1-C76FEE9C8BBB}.Debug|Any CPU.Build.0 = Debug|Any CPU
		{D5FE0DDF-49F4-44E2-94F1-C76FEE9C8BBB}.Release|Any CPU.ActiveCfg = Release|Any CPU
		{D5FE0DDF-49F4-44E2-94F1-C76FEE9C8BBB}.Release|Any CPU.Build.0 = Release|Any CPU
		{F05A4C78-5E34-4A23-893F-8CD304090FE7}.Debug|Any CPU.ActiveCfg = Debug|Any CPU
		{F05A4C78-5E34-4A23-893F-8CD304090FE7}.Debug|Any CPU.Build.0 = Debug|Any CPU
		{F05A4C78-5E34-4A23-893F-8CD304090FE7}.Release|Any CPU.ActiveCfg = Release|Any CPU
		{F05A4C78-5E34-4A23-893F-8CD304090FE7}.Release|Any CPU.Build.0 = Release|Any CPU
		{C028D403-3A6C-4CD1-8EFD-AC0ADEF992D1}.Debug|Any CPU.ActiveCfg = Debug|Any CPU
		{C028D403-3A6C-4CD1-8EFD-AC0ADEF992D1}.Debug|Any CPU.Build.0 = Debug|Any CPU
		{C028D403-3A6C-4CD1-8EFD-AC0ADEF992D1}.Release|Any CPU.ActiveCfg = Release|Any CPU
		{C028D403-3A6C-4CD1-8EFD-AC0ADEF992D1}.Release|Any CPU.Build.0 = Release|Any CPU
		{98CCE32A-6CD5-4D4E-85B9-4C57BCF8BFBD}.Debug|Any CPU.ActiveCfg = Debug|Any CPU
		{98CCE32A-6CD5-4D4E-85B9-4C57BCF8BFBD}.Debug|Any CPU.Build.0 = Debug|Any CPU
		{98CCE32A-6CD5-4D4E-85B9-4C57BCF8BFBD}.Release|Any CPU.ActiveCfg = Release|Any CPU
		{98CCE32A-6CD5-4D4E-85B9-4C57BCF8BFBD}.Release|Any CPU.Build.0 = Release|Any CPU
	EndGlobalSection
	GlobalSection(SolutionProperties) = preSolution
		HideSolutionNode = FALSE
	EndGlobalSection
	GlobalSection(ExtensibilityGlobals) = postSolution
		SolutionGuid = {67BB6ED7-8EAF-4CF4-A99E-C0B8A26431C7}
	EndGlobalSection
EndGlobal
